
Microsoft Visual Studio Solution File, Format Version 12.00
# Visual Studio Version 17
VisualStudioVersion = 17.1.32414.318
MinimumVisualStudioVersion = 10.0.40219.1
Project("{FAE04EC0-301F-11D3-BF4B-00C04F79EFBC}") = "Eapp", "Eapp\Eapp.csproj", "{A5ADEF9F-09FA-4414-976F-DABD1E1CBEF1}"
EndProject
Global
	GlobalSection(SolutionConfigurationPlatforms) = preSolution
		Debug|Any CPU = Debug|Any CPU
		Release|Any CPU = Release|Any CPU
	EndGlobalSection
	GlobalSection(ProjectConfigurationPlatforms) = postSolution
		{A5ADEF9F-09FA-4414-976F-DABD1E1CBEF1}.Debug|Any CPU.ActiveCfg = Debug|Any CPU
		{A5ADEF9F-09FA-4414-976F-DABD1E1CBEF1}.Debug|Any CPU.Build.0 = Debug|Any CPU
		{A5ADEF9F-09FA-4414-976F-DABD1E1CBEF1}.Release|Any CPU.ActiveCfg = Release|Any CPU
		{A5ADEF9F-09FA-4414-976F-DABD1E1CBEF1}.Release|Any CPU.Build.0 = Release|Any CPU
	EndGlobalSection
	GlobalSection(SolutionProperties) = preSolution
		HideSolutionNode = FALSE
	EndGlobalSection
	GlobalSection(ExtensibilityGlobals) = postSolution
		SolutionGuid = {413FA990-BE95-416E-B752-0F70DBA5180C}
	EndGlobalSection
EndGlobal
